// !$*UTF8*$!
{
	archiveVersion = 1;
	classes = {
	};
	objectVersion = 56;
	objects = {

/* Begin PBXBuildFile section */
		110E27032F0DA75200AFEA92 /* SplashView.swift in Sources */ = {isa = PBXBuildFile; fileRef = 110E27002F0DA75200AFEA92 /* SplashView.swift */; };
		111038602EEDDAE90015FEE3 /* SimilarNamesView.swift in Sources */ = {isa = PBXBuildFile; fileRef = 1110385A2EEDDAE90015FEE3 /* SimilarNamesView.swift */; };
		111038612EEDDAE90015FEE3 /* ContactsCleanerView.swift in Sources */ = {isa = PBXBuildFile; fileRef = 1110385B2EEDDAE90015FEE3 /* ContactsCleanerView.swift */; };
		111038622EEDDAE90015FEE3 /* NoNumberContactsView.swift in Sources */ = {isa = PBXBuildFile; fileRef = 1110385C2EEDDAE90015FEE3 /* NoNumberContactsView.swift */; };
		111038642EEDDAE90015FEE3 /* NoNameContactsView.swift in Sources */ = {isa = PBXBuildFile; fileRef = 1110385E2EEDDAE90015FEE3 /* NoNameContactsView.swift */; };
		111038652EEDDAE90015FEE3 /* DuplicateContactsView.swift in Sources */ = {isa = PBXBuildFile; fileRef = 1110385F2EEDDAE90015FEE3 /* DuplicateContactsView.swift */; };
		111038692EF099AD0015FEE3 /* BackupsListView.swift in Sources */ = {isa = PBXBuildFile; fileRef = 111038662EF099AD0015FEE3 /* BackupsListView.swift */; };
		1110386A2EF099AD0015FEE3 /* AllContactsView.swift in Sources */ = {isa = PBXBuildFile; fileRef = 111038672EF099AD0015FEE3 /* AllContactsView.swift */; };
		1110386B2EF099AD0015FEE3 /* BackupDetailView.swift in Sources */ = {isa = PBXBuildFile; fileRef = 111038682EF099AD0015FEE3 /* BackupDetailView.swift */; };
		1110386D2EF9DE240015FEE3 /* SecretSpaceService.swift in Sources */ = {isa = PBXBuildFile; fileRef = 1110386C2EF9DE240015FEE3 /* SecretSpaceService.swift */; };
		111038742EF9DE350015FEE3 /* SecretSpaceHomeView.swift in Sources */ = {isa = PBXBuildFile; fileRef = 111038702EF9DE350015FEE3 /* SecretSpaceHomeView.swift */; };
		111038752EF9DE350015FEE3 /* SecretContactsView.swift in Sources */ = {isa = PBXBuildFile; fileRef = 111038712EF9DE350015FEE3 /* SecretContactsView.swift */; };
		111038762EF9DE350015FEE3 /* SecretAlbumView.swift in Sources */ = {isa = PBXBuildFile; fileRef = 111038722EF9DE350015FEE3 /* SecretAlbumView.swift */; };
		111038772EF9DE350015FEE3 /* PasscodeView.swift in Sources */ = {isa = PBXBuildFile; fileRef = 111038732EF9DE350015FEE3 /* PasscodeView.swift */; };
		111038792EFB1E050015FEE3 /* ProtectionSettingsView.swift in Sources */ = {isa = PBXBuildFile; fileRef = 111038782EFB1E050015FEE3 /* ProtectionSettingsView.swift */; };
		11205BE32ED4D7A2003AFFF9 /* cleaner_cursorApp.swift in Sources */ = {isa = PBXBuildFile; fileRef = 11205BE22ED4D7A2003AFFF9 /* cleaner_cursorApp.swift */; };
		11205BE52ED4D7A2003AFFF9 /* ContentView.swift in Sources */ = {isa = PBXBuildFile; fileRef = 11205BE42ED4D7A2003AFFF9 /* ContentView.swift */; };
		11205BE72ED4D7A3003AFFF9 /* Assets.xcassets in Resources */ = {isa = PBXBuildFile; fileRef = 11205BE62ED4D7A3003AFFF9 /* Assets.xcassets */; };
		11205BEA2ED4D7A3003AFFF9 /* Preview Assets.xcassets in Resources */ = {isa = PBXBuildFile; fileRef = 11205BE92ED4D7A3003AFFF9 /* Preview Assets.xcassets */; };
		11205BEC2ED4D7A3003AFFF9 /* Persistence.swift in Sources */ = {isa = PBXBuildFile; fileRef = 11205BEB2ED4D7A3003AFFF9 /* Persistence.swift */; };
		11205BEF2ED4D7A3003AFFF9 /* cleaner_cursor.xcdatamodeld in Sources */ = {isa = PBXBuildFile; fileRef = 11205BED2ED4D7A3003AFFF9 /* cleaner_cursor.xcdatamodeld */; };
		11205BF92ED4D7A3003AFFF9 /* cleaner_cursorTests.swift in Sources */ = {isa = PBXBuildFile; fileRef = 11205BF82ED4D7A3003AFFF9 /* cleaner_cursorTests.swift */; };
		11205C032ED4D7A3003AFFF9 /* cleaner_cursorUITests.swift in Sources */ = {isa = PBXBuildFile; fileRef = 11205C022ED4D7A3003AFFF9 /* cleaner_cursorUITests.swift */; };
		11205C052ED4D7A3003AFFF9 /* cleaner_cursorUITestsLaunchTests.swift in Sources */ = {isa = PBXBuildFile; fileRef = 11205C042ED4D7A3003AFFF9 /* cleaner_cursorUITestsLaunchTests.swift */; };
		11205D182ED62451003AFFF9 /* AppState.swift in Sources */ = {isa = PBXBuildFile; fileRef = 11205CE92ED62451003AFFF9 /* AppState.swift */; };
		11205D192ED62451003AFFF9 /* Router.swift in Sources */ = {isa = PBXBuildFile; fileRef = 11205CEA2ED62451003AFFF9 /* Router.swift */; };
		11205D1A2ED62451003AFFF9 /* String+Extensions.swift in Sources */ = {isa = PBXBuildFile; fileRef = 11205CEC2ED62451003AFFF9 /* String+Extensions.swift */; };
		11205D1B2ED62451003AFFF9 /* View+Extensions.swift in Sources */ = {isa = PBXBuildFile; fileRef = 11205CED2ED62451003AFFF9 /* View+Extensions.swift */; };
		11205D1C2ED62451003AFFF9 /* Date+Extensions.swift in Sources */ = {isa = PBXBuildFile; fileRef = 11205CEE2ED62451003AFFF9 /* Date+Extensions.swift */; };
		11205D1D2ED62451003AFFF9 /* HapticManager.swift in Sources */ = {isa = PBXBuildFile; fileRef = 11205CF02ED62451003AFFF9 /* HapticManager.swift */; };
		11205D1E2ED62451003AFFF9 /* AppSpacing.swift in Sources */ = {isa = PBXBuildFile; fileRef = 11205CF22ED62451003AFFF9 /* AppSpacing.swift */; };
		11205D1F2ED62451003AFFF9 /* AppColors.swift in Sources */ = {isa = PBXBuildFile; fileRef = 11205CF32ED62451003AFFF9 /* AppColors.swift */; };
		11205D202ED62451003AFFF9 /* AppGradients.swift in Sources */ = {isa = PBXBuildFile; fileRef = 11205CF42ED62451003AFFF9 /* AppGradients.swift */; };
		11205D212ED62451003AFFF9 /* AppFonts.swift in Sources */ = {isa = PBXBuildFile; fileRef = 11205CF52ED62451003AFFF9 /* AppFonts.swift */; };
		11205D222ED62451003AFFF9 /* BatteryService.swift in Sources */ = {isa = PBXBuildFile; fileRef = 11205CF72ED62451003AFFF9 /* BatteryService.swift */; };
		11205D232ED62451003AFFF9 /* SubscriptionService.swift in Sources */ = {isa = PBXBuildFile; fileRef = 11205CF82ED62451003AFFF9 /* SubscriptionService.swift */; };
		11205D242ED62451003AFFF9 /* StorageService.swift in Sources */ = {isa = PBXBuildFile; fileRef = 11205CF92ED62451003AFFF9 /* StorageService.swift */; };
		11205D252ED62451003AFFF9 /* VideoService.swift in Sources */ = {isa = PBXBuildFile; fileRef = 11205CFA2ED62451003AFFF9 /* VideoService.swift */; };
		11205D262ED62451003AFFF9 /* SecretFolderService.swift in Sources */ = {isa = PBXBuildFile; fileRef = 11205CFB2ED62451003AFFF9 /* SecretFolderService.swift */; };
		11205D272ED62451003AFFF9 /* PhotoService.swift in Sources */ = {isa = PBXBuildFile; fileRef = 11205CFC2ED62451003AFFF9 /* PhotoService.swift */; };
		11205D282ED62451003AFFF9 /* ContactsService.swift in Sources */ = {isa = PBXBuildFile; fileRef = 11205CFD2ED62451003AFFF9 /* ContactsService.swift */; };
		11205D292ED62451003AFFF9 /* DashboardView.swift in Sources */ = {isa = PBXBuildFile; fileRef = 11205D012ED62451003AFFF9 /* DashboardView.swift */; };
		11205D2A2ED62451003AFFF9 /* MainTabView.swift in Sources */ = {isa = PBXBuildFile; fileRef = 11205D032ED62451003AFFF9 /* MainTabView.swift */; };
		11205D2B2ED62451003AFFF9 /* PaywallView.swift in Sources */ = {isa = PBXBuildFile; fileRef = 11205D062ED62451003AFFF9 /* PaywallView.swift */; };
		11205D2C2ED62451003AFFF9 /* OnboardingView.swift in Sources */ = {isa = PBXBuildFile; fileRef = 11205D092ED62451003AFFF9 /* OnboardingView.swift */; };
		11205D2D2ED62451003AFFF9 /* PrimaryButton.swift in Sources */ = {isa = PBXBuildFile; fileRef = 11205D0D2ED62451003AFFF9 /* PrimaryButton.swift */; };
		11205D2E2ED62451003AFFF9 /* ProgressBars.swift in Sources */ = {isa = PBXBuildFile; fileRef = 11205D0F2ED62451003AFFF9 /* ProgressBars.swift */; };
		11205D2F2ED62451003AFFF9 /* PrimaryCard.swift in Sources */ = {isa = PBXBuildFile; fileRef = 11205D112ED62451003AFFF9 /* PrimaryCard.swift */; };
		11205D302ED62451003AFFF9 /* StandardModal.swift in Sources */ = {isa = PBXBuildFile; fileRef = 11205D132ED62451003AFFF9 /* StandardModal.swift */; };
		11205D312ED62451003AFFF9 /* GradientBackgrounds.swift in Sources */ = {isa = PBXBuildFile; fileRef = 11205D152ED62451003AFFF9 /* GradientBackgrounds.swift */; };
		11205D322ED62451003AFFF9 /* EmptyState.swift in Sources */ = {isa = PBXBuildFile; fileRef = 11205D172ED62451003AFFF9 /* EmptyState.swift */; };
		11205D372ED761BB003AFFF9 /* DashboardViewModel.swift in Sources */ = {isa = PBXBuildFile; fileRef = 11205D362ED761BB003AFFF9 /* DashboardViewModel.swift */; };
		11205D412ED797FC003AFFF9 /* LivePhotosView.swift in Sources */ = {isa = PBXBuildFile; fileRef = 11205D3A2ED797FC003AFFF9 /* LivePhotosView.swift */; };
		11205D432ED797FC003AFFF9 /* PhotoCategoryViews.swift in Sources */ = {isa = PBXBuildFile; fileRef = 11205D3C2ED797FC003AFFF9 /* PhotoCategoryViews.swift */; };
		11205D442ED797FC003AFFF9 /* PhotosOverviewView.swift in Sources */ = {isa = PBXBuildFile; fileRef = 11205D3D2ED797FC003AFFF9 /* PhotosOverviewView.swift */; };
		11205D452ED797FD003AFFF9 /* BigFilesView.swift in Sources */ = {isa = PBXBuildFile; fileRef = 11205D3E2ED797FC003AFFF9 /* BigFilesView.swift */; };
		11205D462ED797FD003AFFF9 /* ScreenshotsView.swift in Sources */ = {isa = PBXBuildFile; fileRef = 11205D3F2ED797FC003AFFF9 /* ScreenshotsView.swift */; };
		11205D4C2ED79C0D003AFFF9 /* DuplicatesView.swift in Sources */ = {isa = PBXBuildFile; fileRef = 11205D482ED79C0D003AFFF9 /* DuplicatesView.swift */; };
		11205D4D2ED79C0D003AFFF9 /* HighlightsView.swift in Sources */ = {isa = PBXBuildFile; fileRef = 11205D492ED79C0D003AFFF9 /* HighlightsView.swift */; };
		11205D4E2ED79C0D003AFFF9 /* BurstPhotosView.swift in Sources */ = {isa = PBXBuildFile; fileRef = 11205D4A2ED79C0D003AFFF9 /* BurstPhotosView.swift */; };
		11205D4F2ED79C0D003AFFF9 /* SimilarPhotosView.swift in Sources */ = {isa = PBXBuildFile; fileRef = 11205D4B2ED79C0D003AFFF9 /* SimilarPhotosView.swift */; };
		11289BEE2EEA1430005ED805 /* SwipeProgressService.swift in Sources */ = {isa = PBXBuildFile; fileRef = 11289BED2EEA1430005ED805 /* SwipeProgressService.swift */; };
		11289BF32EEA1444005ED805 /* SwipeSessionView.swift in Sources */ = {isa = PBXBuildFile; fileRef = 11289BF12EEA1444005ED805 /* SwipeSessionView.swift */; };
		11289BF42EEA1444005ED805 /* SwipeHubView.swift in Sources */ = {isa = PBXBuildFile; fileRef = 11289BF22EEA1444005ED805 /* SwipeHubView.swift */; };
		116799452EDDF16400C73344 /* VideosView.swift in Sources */ = {isa = PBXBuildFile; fileRef = 116799422EDDF16400C73344 /* VideosView.swift */; };
		116799472EDDF16400C73344 /* ShortVideosView.swift in Sources */ = {isa = PBXBuildFile; fileRef = 116799442EDDF16400C73344 /* ShortVideosView.swift */; };
		116799532EE2052C00C73344 /* ScanResultsCache.swift in Sources */ = {isa = PBXBuildFile; fileRef = 116799522EE2052C00C73344 /* ScanResultsCache.swift */; };
		11D645362F09971D00FA080C /* CleaningHistoryService.swift in Sources */ = {isa = PBXBuildFile; fileRef = 11D645352F09971D00FA080C /* CleaningHistoryService.swift */; };
		11D6453A2F09975F00FA080C /* CleaningHistoryView.swift in Sources */ = {isa = PBXBuildFile; fileRef = 11D645372F09975F00FA080C /* CleaningHistoryView.swift */; };
		11F50A712EFD6BA40001F911 /* DeviceHealthService.swift in Sources */ = {isa = PBXBuildFile; fileRef = 11F50A702EFD6BA40001F911 /* DeviceHealthService.swift */; };
		11F50A772EFD6BB30001F911 /* BatteryInsightsView.swift in Sources */ = {isa = PBXBuildFile; fileRef = 11F50A742EFD6BB30001F911 /* BatteryInsightsView.swift */; };
		11F50A782EFD6BB30001F911 /* SystemTipsView.swift in Sources */ = {isa = PBXBuildFile; fileRef = 11F50A752EFD6BB30001F911 /* SystemTipsView.swift */; };
		11F50A792EFD6BB30001F911 /* DeviceHealthView.swift in Sources */ = {isa = PBXBuildFile; fileRef = 11F50A762EFD6BB30001F911 /* DeviceHealthView.swift */; };
/* End PBXBuildFile section */

/* Begin PBXContainerItemProxy section */
		11205BF52ED4D7A3003AFFF9 /* PBXContainerItemProxy */ = {
			isa = PBXContainerItemProxy;
			containerPortal = 11205BD72ED4D7A1003AFFF9 /* Project object */;
			proxyType = 1;
			remoteGlobalIDString = 11205BDE2ED4D7A2003AFFF9;
			remoteInfo = cleaner_cursor;
		};
		11205BFF2ED4D7A3003AFFF9 /* PBXContainerItemProxy */ = {
			isa = PBXContainerItemProxy;
			containerPortal = 11205BD72ED4D7A1003AFFF9 /* Project object */;
			proxyType = 1;
			remoteGlobalIDString = 11205BDE2ED4D7A2003AFFF9;
			remoteInfo = cleaner_cursor;
		};
/* End PBXContainerItemProxy section */

/* Begin PBXFileReference section */
		110E27002F0DA75200AFEA92 /* SplashView.swift */ = {isa = PBXFileReference; lastKnownFileType = sourcecode.swift; path = SplashView.swift; sourceTree = "<group>"; };
		1110385A2EEDDAE90015FEE3 /* SimilarNamesView.swift */ = {isa = PBXFileReference; fileEncoding = 4; lastKnownFileType = sourcecode.swift; path = SimilarNamesView.swift; sourceTree = "<group>"; };
		1110385B2EEDDAE90015FEE3 /* ContactsCleanerView.swift */ = {isa = PBXFileReference; fileEncoding = 4; lastKnownFileType = sourcecode.swift; path = ContactsCleanerView.swift; sourceTree = "<group>"; };
		1110385C2EEDDAE90015FEE3 /* NoNumberContactsView.swift */ = {isa = PBXFileReference; fileEncoding = 4; lastKnownFileType = sourcecode.swift; path = NoNumberContactsView.swift; sourceTree = "<group>"; };
		1110385E2EEDDAE90015FEE3 /* NoNameContactsView.swift */ = {isa = PBXFileReference; fileEncoding = 4; lastKnownFileType = sourcecode.swift; path = NoNameContactsView.swift; sourceTree = "<group>"; };
		1110385F2EEDDAE90015FEE3 /* DuplicateContactsView.swift */ = {isa = PBXFileReference; fileEncoding = 4; lastKnownFileType = sourcecode.swift; path = DuplicateContactsView.swift; sourceTree = "<group>"; };
		111038662EF099AD0015FEE3 /* BackupsListView.swift */ = {isa = PBXFileReference; fileEncoding = 4; lastKnownFileType = sourcecode.swift; path = BackupsListView.swift; sourceTree = "<group>"; };
		111038672EF099AD0015FEE3 /* AllContactsView.swift */ = {isa = PBXFileReference; fileEncoding = 4; lastKnownFileType = sourcecode.swift; path = AllContactsView.swift; sourceTree = "<group>"; };
		111038682EF099AD0015FEE3 /* BackupDetailView.swift */ = {isa = PBXFileReference; fileEncoding = 4; lastKnownFileType = sourcecode.swift; path = BackupDetailView.swift; sourceTree = "<group>"; };
		1110386C2EF9DE240015FEE3 /* SecretSpaceService.swift */ = {isa = PBXFileReference; fileEncoding = 4; lastKnownFileType = sourcecode.swift; path = SecretSpaceService.swift; sourceTree = "<group>"; };
		111038702EF9DE350015FEE3 /* SecretSpaceHomeView.swift */ = {isa = PBXFileReference; fileEncoding = 4; lastKnownFileType = sourcecode.swift; path = SecretSpaceHomeView.swift; sourceTree = "<group>"; };
		111038712EF9DE350015FEE3 /* SecretContactsView.swift */ = {isa = PBXFileReference; fileEncoding = 4; lastKnownFileType = sourcecode.swift; path = SecretContactsView.swift; sourceTree = "<group>"; };
		111038722EF9DE350015FEE3 /* SecretAlbumView.swift */ = {isa = PBXFileReference; fileEncoding = 4; lastKnownFileType = sourcecode.swift; path = SecretAlbumView.swift; sourceTree = "<group>"; };
		111038732EF9DE350015FEE3 /* PasscodeView.swift */ = {isa = PBXFileReference; fileEncoding = 4; lastKnownFileType = sourcecode.swift; path = PasscodeView.swift; sourceTree = "<group>"; };
		111038782EFB1E050015FEE3 /* ProtectionSettingsView.swift */ = {isa = PBXFileReference; fileEncoding = 4; lastKnownFileType = sourcecode.swift; path = ProtectionSettingsView.swift; sourceTree = "<group>"; };
		11205BDF2ED4D7A2003AFFF9 /* cleaner_cursor.app */ = {isa = PBXFileReference; explicitFileType = wrapper.application; includeInIndex = 0; path = cleaner_cursor.app; sourceTree = BUILT_PRODUCTS_DIR; };
		11205BE22ED4D7A2003AFFF9 /* cleaner_cursorApp.swift */ = {isa = PBXFileReference; lastKnownFileType = sourcecode.swift; path = cleaner_cursorApp.swift; sourceTree = "<group>"; };
		11205BE42ED4D7A2003AFFF9 /* ContentView.swift */ = {isa = PBXFileReference; lastKnownFileType = sourcecode.swift; path = ContentView.swift; sourceTree = "<group>"; };
		11205BE62ED4D7A3003AFFF9 /* Assets.xcassets */ = {isa = PBXFileReference; lastKnownFileType = folder.assetcatalog; path = Assets.xcassets; sourceTree = "<group>"; };
		11205BE92ED4D7A3003AFFF9 /* Preview Assets.xcassets */ = {isa = PBXFileReference; lastKnownFileType = folder.assetcatalog; path = "Preview Assets.xcassets"; sourceTree = "<group>"; };
		11205BEB2ED4D7A3003AFFF9 /* Persistence.swift */ = {isa = PBXFileReference; lastKnownFileType = sourcecode.swift; path = Persistence.swift; sourceTree = "<group>"; };
		11205BEE2ED4D7A3003AFFF9 /* cleaner_cursor.xcdatamodel */ = {isa = PBXFileReference; lastKnownFileType = wrapper.xcdatamodel; path = cleaner_cursor.xcdatamodel; sourceTree = "<group>"; };
		11205BF42ED4D7A3003AFFF9 /* cleaner_cursorTests.xctest */ = {isa = PBXFileReference; explicitFileType = wrapper.cfbundle; includeInIndex = 0; path = cleaner_cursorTests.xctest; sourceTree = BUILT_PRODUCTS_DIR; };
		11205BF82ED4D7A3003AFFF9 /* cleaner_cursorTests.swift */ = {isa = PBXFileReference; lastKnownFileType = sourcecode.swift; path = cleaner_cursorTests.swift; sourceTree = "<group>"; };
		11205BFE2ED4D7A3003AFFF9 /* cleaner_cursorUITests.xctest */ = {isa = PBXFileReference; explicitFileType = wrapper.cfbundle; includeInIndex = 0; path = cleaner_cursorUITests.xctest; sourceTree = BUILT_PRODUCTS_DIR; };
		11205C022ED4D7A3003AFFF9 /* cleaner_cursorUITests.swift */ = {isa = PBXFileReference; lastKnownFileType = sourcecode.swift; path = cleaner_cursorUITests.swift; sourceTree = "<group>"; };
		11205C042ED4D7A3003AFFF9 /* cleaner_cursorUITestsLaunchTests.swift */ = {isa = PBXFileReference; lastKnownFileType = sourcecode.swift; path = cleaner_cursorUITestsLaunchTests.swift; sourceTree = "<group>"; };
		11205CE92ED62451003AFFF9 /* AppState.swift */ = {isa = PBXFileReference; fileEncoding = 4; lastKnownFileType = sourcecode.swift; path = AppState.swift; sourceTree = "<group>"; };
		11205CEA2ED62451003AFFF9 /* Router.swift */ = {isa = PBXFileReference; fileEncoding = 4; lastKnownFileType = sourcecode.swift; path = Router.swift; sourceTree = "<group>"; };
		11205CEC2ED62451003AFFF9 /* String+Extensions.swift */ = {isa = PBXFileReference; fileEncoding = 4; lastKnownFileType = sourcecode.swift; path = "String+Extensions.swift"; sourceTree = "<group>"; };
		11205CED2ED62451003AFFF9 /* View+Extensions.swift */ = {isa = PBXFileReference; fileEncoding = 4; lastKnownFileType = sourcecode.swift; path = "View+Extensions.swift"; sourceTree = "<group>"; };
		11205CEE2ED62451003AFFF9 /* Date+Extensions.swift */ = {isa = PBXFileReference; fileEncoding = 4; lastKnownFileType = sourcecode.swift; path = "Date+Extensions.swift"; sourceTree = "<group>"; };
		11205CF02ED62451003AFFF9 /* HapticManager.swift */ = {isa = PBXFileReference; fileEncoding = 4; lastKnownFileType = sourcecode.swift; path = HapticManager.swift; sourceTree = "<group>"; };
		11205CF22ED62451003AFFF9 /* AppSpacing.swift */ = {isa = PBXFileReference; fileEncoding = 4; lastKnownFileType = sourcecode.swift; path = AppSpacing.swift; sourceTree = "<group>"; };
		11205CF32ED62451003AFFF9 /* AppColors.swift */ = {isa = PBXFileReference; fileEncoding = 4; lastKnownFileType = sourcecode.swift; path = AppColors.swift; sourceTree = "<group>"; };
		11205CF42ED62451003AFFF9 /* AppGradients.swift */ = {isa = PBXFileReference; fileEncoding = 4; lastKnownFileType = sourcecode.swift; path = AppGradients.swift; sourceTree = "<group>"; };
		11205CF52ED62451003AFFF9 /* AppFonts.swift */ = {isa = PBXFileReference; fileEncoding = 4; lastKnownFileType = sourcecode.swift; path = AppFonts.swift; sourceTree = "<group>"; };
		11205CF72ED62451003AFFF9 /* BatteryService.swift */ = {isa = PBXFileReference; fileEncoding = 4; lastKnownFileType = sourcecode.swift; path = BatteryService.swift; sourceTree = "<group>"; };
		11205CF82ED62451003AFFF9 /* SubscriptionService.swift */ = {isa = PBXFileReference; fileEncoding = 4; lastKnownFileType = sourcecode.swift; path = SubscriptionService.swift; sourceTree = "<group>"; };
		11205CF92ED62451003AFFF9 /* StorageService.swift */ = {isa = PBXFileReference; fileEncoding = 4; lastKnownFileType = sourcecode.swift; path = StorageService.swift; sourceTree = "<group>"; };
		11205CFA2ED62451003AFFF9 /* VideoService.swift */ = {isa = PBXFileReference; fileEncoding = 4; lastKnownFileType = sourcecode.swift; path = VideoService.swift; sourceTree = "<group>"; };
		11205CFB2ED62451003AFFF9 /* SecretFolderService.swift */ = {isa = PBXFileReference; fileEncoding = 4; lastKnownFileType = sourcecode.swift; path = SecretFolderService.swift; sourceTree = "<group>"; };
		11205CFC2ED62451003AFFF9 /* PhotoService.swift */ = {isa = PBXFileReference; fileEncoding = 4; lastKnownFileType = sourcecode.swift; path = PhotoService.swift; sourceTree = "<group>"; };
		11205CFD2ED62451003AFFF9 /* ContactsService.swift */ = {isa = PBXFileReference; fileEncoding = 4; lastKnownFileType = sourcecode.swift; path = ContactsService.swift; sourceTree = "<group>"; };
		11205D012ED62451003AFFF9 /* DashboardView.swift */ = {isa = PBXFileReference; fileEncoding = 4; lastKnownFileType = sourcecode.swift; path = DashboardView.swift; sourceTree = "<group>"; };
		11205D032ED62451003AFFF9 /* MainTabView.swift */ = {isa = PBXFileReference; fileEncoding = 4; lastKnownFileType = sourcecode.swift; path = MainTabView.swift; sourceTree = "<group>"; };
		11205D062ED62451003AFFF9 /* PaywallView.swift */ = {isa = PBXFileReference; fileEncoding = 4; lastKnownFileType = sourcecode.swift; path = PaywallView.swift; sourceTree = "<group>"; };
		11205D092ED62451003AFFF9 /* OnboardingView.swift */ = {isa = PBXFileReference; fileEncoding = 4; lastKnownFileType = sourcecode.swift; path = OnboardingView.swift; sourceTree = "<group>"; };
		11205D0D2ED62451003AFFF9 /* PrimaryButton.swift */ = {isa = PBXFileReference; fileEncoding = 4; lastKnownFileType = sourcecode.swift; path = PrimaryButton.swift; sourceTree = "<group>"; };
		11205D0F2ED62451003AFFF9 /* ProgressBars.swift */ = {isa = PBXFileReference; fileEncoding = 4; lastKnownFileType = sourcecode.swift; path = ProgressBars.swift; sourceTree = "<group>"; };
		11205D112ED62451003AFFF9 /* PrimaryCard.swift */ = {isa = PBXFileReference; fileEncoding = 4; lastKnownFileType = sourcecode.swift; path = PrimaryCard.swift; sourceTree = "<group>"; };
		11205D132ED62451003AFFF9 /* StandardModal.swift */ = {isa = PBXFileReference; fileEncoding = 4; lastKnownFileType = sourcecode.swift; path = StandardModal.swift; sourceTree = "<group>"; };
		11205D152ED62451003AFFF9 /* GradientBackgrounds.swift */ = {isa = PBXFileReference; fileEncoding = 4; lastKnownFileType = sourcecode.swift; path = GradientBackgrounds.swift; sourceTree = "<group>"; };
		11205D172ED62451003AFFF9 /* EmptyState.swift */ = {isa = PBXFileReference; fileEncoding = 4; lastKnownFileType = sourcecode.swift; path = EmptyState.swift; sourceTree = "<group>"; };
		11205D332ED62BDA003AFFF9 /* Info.plist */ = {isa = PBXFileReference; fileEncoding = 4; lastKnownFileType = text.plist.xml; path = Info.plist; sourceTree = "<group>"; };
		11205D362ED761BB003AFFF9 /* DashboardViewModel.swift */ = {isa = PBXFileReference; fileEncoding = 4; lastKnownFileType = sourcecode.swift; path = DashboardViewModel.swift; sourceTree = "<group>"; };
		11205D3A2ED797FC003AFFF9 /* LivePhotosView.swift */ = {isa = PBXFileReference; fileEncoding = 4; lastKnownFileType = sourcecode.swift; path = LivePhotosView.swift; sourceTree = "<group>"; };
		11205D3C2ED797FC003AFFF9 /* PhotoCategoryViews.swift */ = {isa = PBXFileReference; fileEncoding = 4; lastKnownFileType = sourcecode.swift; path = PhotoCategoryViews.swift; sourceTree = "<group>"; };
		11205D3D2ED797FC003AFFF9 /* PhotosOverviewView.swift */ = {isa = PBXFileReference; fileEncoding = 4; lastKnownFileType = sourcecode.swift; path = PhotosOverviewView.swift; sourceTree = "<group>"; };
		11205D3E2ED797FC003AFFF9 /* BigFilesView.swift */ = {isa = PBXFileReference; fileEncoding = 4; lastKnownFileType = sourcecode.swift; path = BigFilesView.swift; sourceTree = "<group>"; };
		11205D3F2ED797FC003AFFF9 /* ScreenshotsView.swift */ = {isa = PBXFileReference; fileEncoding = 4; lastKnownFileType = sourcecode.swift; path = ScreenshotsView.swift; sourceTree = "<group>"; };
		11205D482ED79C0D003AFFF9 /* DuplicatesView.swift */ = {isa = PBXFileReference; fileEncoding = 4; lastKnownFileType = sourcecode.swift; path = DuplicatesView.swift; sourceTree = "<group>"; };
		11205D492ED79C0D003AFFF9 /* HighlightsView.swift */ = {isa = PBXFileReference; fileEncoding = 4; lastKnownFileType = sourcecode.swift; path = HighlightsView.swift; sourceTree = "<group>"; };
		11205D4A2ED79C0D003AFFF9 /* BurstPhotosView.swift */ = {isa = PBXFileReference; fileEncoding = 4; lastKnownFileType = sourcecode.swift; path = BurstPhotosView.swift; sourceTree = "<group>"; };
		11205D4B2ED79C0D003AFFF9 /* SimilarPhotosView.swift */ = {isa = PBXFileReference; fileEncoding = 4; lastKnownFileType = sourcecode.swift; path = SimilarPhotosView.swift; sourceTree = "<group>"; };
		11289BED2EEA1430005ED805 /* SwipeProgressService.swift */ = {isa = PBXFileReference; fileEncoding = 4; lastKnownFileType = sourcecode.swift; path = SwipeProgressService.swift; sourceTree = "<group>"; };
		11289BF12EEA1444005ED805 /* SwipeSessionView.swift */ = {isa = PBXFileReference; fileEncoding = 4; lastKnownFileType = sourcecode.swift; path = SwipeSessionView.swift; sourceTree = "<group>"; };
		11289BF22EEA1444005ED805 /* SwipeHubView.swift */ = {isa = PBXFileReference; fileEncoding = 4; lastKnownFileType = sourcecode.swift; path = SwipeHubView.swift; sourceTree = "<group>"; };
		116799422EDDF16400C73344 /* VideosView.swift */ = {isa = PBXFileReference; fileEncoding = 4; lastKnownFileType = sourcecode.swift; path = VideosView.swift; sourceTree = "<group>"; };
		116799442EDDF16400C73344 /* ShortVideosView.swift */ = {isa = PBXFileReference; fileEncoding = 4; lastKnownFileType = sourcecode.swift; path = ShortVideosView.swift; sourceTree = "<group>"; };
		116799522EE2052C00C73344 /* ScanResultsCache.swift */ = {isa = PBXFileReference; fileEncoding = 4; lastKnownFileType = sourcecode.swift; path = ScanResultsCache.swift; sourceTree = "<group>"; };
		11D645352F09971D00FA080C /* CleaningHistoryService.swift */ = {isa = PBXFileReference; lastKnownFileType = sourcecode.swift; path = CleaningHistoryService.swift; sourceTree = "<group>"; };
		11D645372F09975F00FA080C /* CleaningHistoryView.swift */ = {isa = PBXFileReference; lastKnownFileType = sourcecode.swift; path = CleaningHistoryView.swift; sourceTree = "<group>"; };
		11F50A702EFD6BA40001F911 /* DeviceHealthService.swift */ = {isa = PBXFileReference; fileEncoding = 4; lastKnownFileType = sourcecode.swift; path = DeviceHealthService.swift; sourceTree = "<group>"; };
		11F50A742EFD6BB30001F911 /* BatteryInsightsView.swift */ = {isa = PBXFileReference; fileEncoding = 4; lastKnownFileType = sourcecode.swift; path = BatteryInsightsView.swift; sourceTree = "<group>"; };
		11F50A752EFD6BB30001F911 /* SystemTipsView.swift */ = {isa = PBXFileReference; fileEncoding = 4; lastKnownFileType = sourcecode.swift; path = SystemTipsView.swift; sourceTree = "<group>"; };
		11F50A762EFD6BB30001F911 /* DeviceHealthView.swift */ = {isa = PBXFileReference; fileEncoding = 4; lastKnownFileType = sourcecode.swift; path = DeviceHealthView.swift; sourceTree = "<group>"; };
/* End PBXFileReference section */

/* Begin PBXFrameworksBuildPhase section */
		11205BDC2ED4D7A2003AFFF9 /* Frameworks */ = {
			isa = PBXFrameworksBuildPhase;
			buildActionMask = 2147483647;
			files = (
			);
			runOnlyForDeploymentPostprocessing = 0;
		};
		11205BF12ED4D7A3003AFFF9 /* Frameworks */ = {
			isa = PBXFrameworksBuildPhase;
			buildActionMask = 2147483647;
			files = (
			);
			runOnlyForDeploymentPostprocessing = 0;
		};
		11205BFB2ED4D7A3003AFFF9 /* Frameworks */ = {
			isa = PBXFrameworksBuildPhase;
			buildActionMask = 2147483647;
			files = (
			);
			runOnlyForDeploymentPostprocessing = 0;
		};
/* End PBXFrameworksBuildPhase section */

/* Begin PBXGroup section */
		110E27012F0DA75200AFEA92 /* Views */ = {
			isa = PBXGroup;
			children = (
				110E27002F0DA75200AFEA92 /* SplashView.swift */,
			);
			path = Views;
			sourceTree = "<group>";
		};
		110E27022F0DA75200AFEA92 /* Splash */ = {
			isa = PBXGroup;
			children = (
				110E27012F0DA75200AFEA92 /* Views */,
			);
			path = Splash;
			sourceTree = "<group>";
		};
		111038582EEDDAE90015FEE3 /* Contacts */ = {
			isa = PBXGroup;
			children = (
				111038592EEDDAE90015FEE3 /* Views */,
			);
			path = Contacts;
			sourceTree = "<group>";
		};
		111038592EEDDAE90015FEE3 /* Views */ = {
			isa = PBXGroup;
			children = (
				111038672EF099AD0015FEE3 /* AllContactsView.swift */,
				111038682EF099AD0015FEE3 /* BackupDetailView.swift */,
				111038662EF099AD0015FEE3 /* BackupsListView.swift */,
				1110385A2EEDDAE90015FEE3 /* SimilarNamesView.swift */,
				1110385B2EEDDAE90015FEE3 /* ContactsCleanerView.swift */,
				1110385C2EEDDAE90015FEE3 /* NoNumberContactsView.swift */,
				1110385E2EEDDAE90015FEE3 /* NoNameContactsView.swift */,
				1110385F2EEDDAE90015FEE3 /* DuplicateContactsView.swift */,
			);
			path = Views;
			sourceTree = "<group>";
		};
		1110386E2EF9DE350015FEE3 /* SecretSpace */ = {
			isa = PBXGroup;
			children = (
				1110386F2EF9DE350015FEE3 /* Views */,
			);
			path = SecretSpace;
			sourceTree = "<group>";
		};
		1110386F2EF9DE350015FEE3 /* Views */ = {
			isa = PBXGroup;
			children = (
				111038782EFB1E050015FEE3 /* ProtectionSettingsView.swift */,
				111038702EF9DE350015FEE3 /* SecretSpaceHomeView.swift */,
				111038712EF9DE350015FEE3 /* SecretContactsView.swift */,
				111038722EF9DE350015FEE3 /* SecretAlbumView.swift */,
				111038732EF9DE350015FEE3 /* PasscodeView.swift */,
			);
			path = Views;
			sourceTree = "<group>";
		};
		11205BD62ED4D7A1003AFFF9 = {
			isa = PBXGroup;
			children = (
				11205BE12ED4D7A2003AFFF9 /* cleaner_cursor */,
				11205BF72ED4D7A3003AFFF9 /* cleaner_cursorTests */,
				11205C012ED4D7A3003AFFF9 /* cleaner_cursorUITests */,
				11205BE02ED4D7A2003AFFF9 /* Products */,
			);
			sourceTree = "<group>";
		};
		11205BE02ED4D7A2003AFFF9 /* Products */ = {
			isa = PBXGroup;
			children = (
				11205BDF2ED4D7A2003AFFF9 /* cleaner_cursor.app */,
				11205BF42ED4D7A3003AFFF9 /* cleaner_cursorTests.xctest */,
				11205BFE2ED4D7A3003AFFF9 /* cleaner_cursorUITests.xctest */,
			);
			name = Products;
			sourceTree = "<group>";
		};
		11205BE12ED4D7A2003AFFF9 /* cleaner_cursor */ = {
			isa = PBXGroup;
			children = (
				11205D332ED62BDA003AFFF9 /* Info.plist */,
				11205CE72ED62451003AFFF9 /* Core */,
				11205CFE2ED62451003AFFF9 /* Features */,
				11205D0A2ED62451003AFFF9 /* UI */,
				11205BE22ED4D7A2003AFFF9 /* cleaner_cursorApp.swift */,
				11205BE42ED4D7A2003AFFF9 /* ContentView.swift */,
				11205BE62ED4D7A3003AFFF9 /* Assets.xcassets */,
				11205BEB2ED4D7A3003AFFF9 /* Persistence.swift */,
				11205BED2ED4D7A3003AFFF9 /* cleaner_cursor.xcdatamodeld */,
				11205BE82ED4D7A3003AFFF9 /* Preview Content */,
			);
			path = cleaner_cursor;
			sourceTree = "<group>";
		};
		11205BE82ED4D7A3003AFFF9 /* Preview Content */ = {
			isa = PBXGroup;
			children = (
				11205BE92ED4D7A3003AFFF9 /* Preview Assets.xcassets */,
			);
			path = "Preview Content";
			sourceTree = "<group>";
		};
		11205BF72ED4D7A3003AFFF9 /* cleaner_cursorTests */ = {
			isa = PBXGroup;
			children = (
				11205BF82ED4D7A3003AFFF9 /* cleaner_cursorTests.swift */,
			);
			path = cleaner_cursorTests;
			sourceTree = "<group>";
		};
		11205C012ED4D7A3003AFFF9 /* cleaner_cursorUITests */ = {
			isa = PBXGroup;
			children = (
				11205C022ED4D7A3003AFFF9 /* cleaner_cursorUITests.swift */,
				11205C042ED4D7A3003AFFF9 /* cleaner_cursorUITestsLaunchTests.swift */,
			);
			path = cleaner_cursorUITests;
			sourceTree = "<group>";
		};
		11205CE72ED62451003AFFF9 /* Core */ = {
			isa = PBXGroup;
			children = (
				11205CE82ED62451003AFFF9 /* Navigation */,
				11205CEB2ED62451003AFFF9 /* Extensions */,
				11205CEF2ED62451003AFFF9 /* Utilities */,
				11205CF12ED62451003AFFF9 /* Theme */,
				11205CF62ED62451003AFFF9 /* Services */,
			);
			path = Core;
			sourceTree = "<group>";
		};
		11205CE82ED62451003AFFF9 /* Navigation */ = {
			isa = PBXGroup;
			children = (
				11205CE92ED62451003AFFF9 /* AppState.swift */,
				11205CEA2ED62451003AFFF9 /* Router.swift */,
			);
			path = Navigation;
			sourceTree = "<group>";
		};
		11205CEB2ED62451003AFFF9 /* Extensions */ = {
			isa = PBXGroup;
			children = (
				11205CEC2ED62451003AFFF9 /* String+Extensions.swift */,
				11205CED2ED62451003AFFF9 /* View+Extensions.swift */,
				11205CEE2ED62451003AFFF9 /* Date+Extensions.swift */,
			);
			path = Extensions;
			sourceTree = "<group>";
		};
		11205CEF2ED62451003AFFF9 /* Utilities */ = {
			isa = PBXGroup;
			children = (
				11205CF02ED62451003AFFF9 /* HapticManager.swift */,
			);
			path = Utilities;
			sourceTree = "<group>";
		};
		11205CF12ED62451003AFFF9 /* Theme */ = {
			isa = PBXGroup;
			children = (
				11205CF22ED62451003AFFF9 /* AppSpacing.swift */,
				11205CF32ED62451003AFFF9 /* AppColors.swift */,
				11205CF42ED62451003AFFF9 /* AppGradients.swift */,
				11205CF52ED62451003AFFF9 /* AppFonts.swift */,
			);
			path = Theme;
			sourceTree = "<group>";
		};
		11205CF62ED62451003AFFF9 /* Services */ = {
			isa = PBXGroup;
			children = (
				11D645352F09971D00FA080C /* CleaningHistoryService.swift */,
				11F50A702EFD6BA40001F911 /* DeviceHealthService.swift */,
				1110386C2EF9DE240015FEE3 /* SecretSpaceService.swift */,
				11289BED2EEA1430005ED805 /* SwipeProgressService.swift */,
				116799522EE2052C00C73344 /* ScanResultsCache.swift */,
				11205CF72ED62451003AFFF9 /* BatteryService.swift */,
				11205CF82ED62451003AFFF9 /* SubscriptionService.swift */,
				11205CF92ED62451003AFFF9 /* StorageService.swift */,
				11205CFA2ED62451003AFFF9 /* VideoService.swift */,
				11205CFB2ED62451003AFFF9 /* SecretFolderService.swift */,
				11205CFC2ED62451003AFFF9 /* PhotoService.swift */,
				11205CFD2ED62451003AFFF9 /* ContactsService.swift */,
			);
			path = Services;
			sourceTree = "<group>";
		};
		11205CFE2ED62451003AFFF9 /* Features */ = {
			isa = PBXGroup;
			children = (
				110E27022F0DA75200AFEA92 /* Splash */,
				11D645392F09975F00FA080C /* CleaningHistory */,
				11F50A722EFD6BB30001F911 /* DeviceHealth */,
				1110386E2EF9DE350015FEE3 /* SecretSpace */,
				111038582EEDDAE90015FEE3 /* Contacts */,
				11289BEF2EEA1444005ED805 /* Swipe */,
				116799402EDDF16400C73344 /* Videos */,
				11205D382ED797FC003AFFF9 /* Photos */,
				11205CFF2ED62451003AFFF9 /* Dashboard */,
				11205D022ED62451003AFFF9 /* Main */,
				11205D042ED62451003AFFF9 /* Paywall */,
				11205D072ED62451003AFFF9 /* Onboarding */,
			);
			path = Features;
			sourceTree = "<group>";
		};
		11205CFF2ED62451003AFFF9 /* Dashboard */ = {
			isa = PBXGroup;
			children = (
				11205D352ED761BB003AFFF9 /* ViewModels */,
				11205D002ED62451003AFFF9 /* Views */,
			);
			path = Dashboard;
			sourceTree = "<group>";
		};
		11205D002ED62451003AFFF9 /* Views */ = {
			isa = PBXGroup;
			children = (
				11205D012ED62451003AFFF9 /* DashboardView.swift */,
			);
			path = Views;
			sourceTree = "<group>";
		};
		11205D022ED62451003AFFF9 /* Main */ = {
			isa = PBXGroup;
			children = (
				11205D032ED62451003AFFF9 /* MainTabView.swift */,
			);
			path = Main;
			sourceTree = "<group>";
		};
		11205D042ED62451003AFFF9 /* Paywall */ = {
			isa = PBXGroup;
			children = (
				11205D052ED62451003AFFF9 /* Views */,
			);
			path = Paywall;
			sourceTree = "<group>";
		};
		11205D052ED62451003AFFF9 /* Views */ = {
			isa = PBXGroup;
			children = (
				11205D062ED62451003AFFF9 /* PaywallView.swift */,
			);
			path = Views;
			sourceTree = "<group>";
		};
		11205D072ED62451003AFFF9 /* Onboarding */ = {
			isa = PBXGroup;
			children = (
				11205D082ED62451003AFFF9 /* Views */,
			);
			path = Onboarding;
			sourceTree = "<group>";
		};
		11205D082ED62451003AFFF9 /* Views */ = {
			isa = PBXGroup;
			children = (
				11205D092ED62451003AFFF9 /* OnboardingView.swift */,
			);
			path = Views;
			sourceTree = "<group>";
		};
		11205D0A2ED62451003AFFF9 /* UI */ = {
			isa = PBXGroup;
			children = (
				11205D0B2ED62451003AFFF9 /* Components */,
			);
			path = UI;
			sourceTree = "<group>";
		};
		11205D0B2ED62451003AFFF9 /* Components */ = {
			isa = PBXGroup;
			children = (
				11205D0C2ED62451003AFFF9 /* Buttons */,
				11205D0E2ED62451003AFFF9 /* Progress */,
				11205D102ED62451003AFFF9 /* Cards */,
				11205D122ED62451003AFFF9 /* Modals */,
				11205D142ED62451003AFFF9 /* Backgrounds */,
				11205D162ED62451003AFFF9 /* Common */,
			);
			path = Components;
			sourceTree = "<group>";
		};
		11205D0C2ED62451003AFFF9 /* Buttons */ = {
			isa = PBXGroup;
			children = (
				11205D0D2ED62451003AFFF9 /* PrimaryButton.swift */,
			);
			path = Buttons;
			sourceTree = "<group>";
		};
		11205D0E2ED62451003AFFF9 /* Progress */ = {
			isa = PBXGroup;
			children = (
				11205D0F2ED62451003AFFF9 /* ProgressBars.swift */,
			);
			path = Progress;
			sourceTree = "<group>";
		};
		11205D102ED62451003AFFF9 /* Cards */ = {
			isa = PBXGroup;
			children = (
				11205D112ED62451003AFFF9 /* PrimaryCard.swift */,
			);
			path = Cards;
			sourceTree = "<group>";
		};
		11205D122ED62451003AFFF9 /* Modals */ = {
			isa = PBXGroup;
			children = (
				11205D132ED62451003AFFF9 /* StandardModal.swift */,
			);
			path = Modals;
			sourceTree = "<group>";
		};
		11205D142ED62451003AFFF9 /* Backgrounds */ = {
			isa = PBXGroup;
			children = (
				11205D152ED62451003AFFF9 /* GradientBackgrounds.swift */,
			);
			path = Backgrounds;
			sourceTree = "<group>";
		};
		11205D162ED62451003AFFF9 /* Common */ = {
			isa = PBXGroup;
			children = (
				11205D172ED62451003AFFF9 /* EmptyState.swift */,
			);
			path = Common;
			sourceTree = "<group>";
		};
		11205D352ED761BB003AFFF9 /* ViewModels */ = {
			isa = PBXGroup;
			children = (
				11205D362ED761BB003AFFF9 /* DashboardViewModel.swift */,
			);
			path = ViewModels;
			sourceTree = "<group>";
		};
		11205D382ED797FC003AFFF9 /* Photos */ = {
			isa = PBXGroup;
			children = (
				11205D392ED797FC003AFFF9 /* Views */,
			);
			path = Photos;
			sourceTree = "<group>";
		};
		11205D392ED797FC003AFFF9 /* Views */ = {
			isa = PBXGroup;
			children = (
				11205D4A2ED79C0D003AFFF9 /* BurstPhotosView.swift */,
				11205D482ED79C0D003AFFF9 /* DuplicatesView.swift */,
				11205D492ED79C0D003AFFF9 /* HighlightsView.swift */,
				11205D4B2ED79C0D003AFFF9 /* SimilarPhotosView.swift */,
				11205D3A2ED797FC003AFFF9 /* LivePhotosView.swift */,
				11205D3C2ED797FC003AFFF9 /* PhotoCategoryViews.swift */,
				11205D3D2ED797FC003AFFF9 /* PhotosOverviewView.swift */,
				11205D3E2ED797FC003AFFF9 /* BigFilesView.swift */,
				11205D3F2ED797FC003AFFF9 /* ScreenshotsView.swift */,
			);
			path = Views;
			sourceTree = "<group>";
		};
		11289BEF2EEA1444005ED805 /* Swipe */ = {
			isa = PBXGroup;
			children = (
				11289BF02EEA1444005ED805 /* Views */,
			);
			path = Swipe;
			sourceTree = "<group>";
		};
		11289BF02EEA1444005ED805 /* Views */ = {
			isa = PBXGroup;
			children = (
				11289BF12EEA1444005ED805 /* SwipeSessionView.swift */,
				11289BF22EEA1444005ED805 /* SwipeHubView.swift */,
			);
			path = Views;
			sourceTree = "<group>";
		};
		116799402EDDF16400C73344 /* Videos */ = {
			isa = PBXGroup;
			children = (
				116799412EDDF16400C73344 /* Views */,
			);
			path = Videos;
			sourceTree = "<group>";
		};
		116799412EDDF16400C73344 /* Views */ = {
			isa = PBXGroup;
			children = (
				116799422EDDF16400C73344 /* VideosView.swift */,
				116799442EDDF16400C73344 /* ShortVideosView.swift */,
			);
			path = Views;
			sourceTree = "<group>";
		};
		11D645382F09975F00FA080C /* Views */ = {
			isa = PBXGroup;
			children = (
				11D645372F09975F00FA080C /* CleaningHistoryView.swift */,
			);
			path = Views;
			sourceTree = "<group>";
		};
		11D645392F09975F00FA080C /* CleaningHistory */ = {
			isa = PBXGroup;
			children = (
				11D645382F09975F00FA080C /* Views */,
			);
			path = CleaningHistory;
			sourceTree = "<group>";
		};
		11F50A722EFD6BB30001F911 /* DeviceHealth */ = {
			isa = PBXGroup;
			children = (
				11F50A732EFD6BB30001F911 /* Views */,
			);
			path = DeviceHealth;
			sourceTree = "<group>";
		};
		11F50A732EFD6BB30001F911 /* Views */ = {
			isa = PBXGroup;
			children = (
				11F50A742EFD6BB30001F911 /* BatteryInsightsView.swift */,
				11F50A752EFD6BB30001F911 /* SystemTipsView.swift */,
				11F50A762EFD6BB30001F911 /* DeviceHealthView.swift */,
			);
			path = Views;
			sourceTree = "<group>";
		};
/* End PBXGroup section */

/* Begin PBXNativeTarget section */
		11205BDE2ED4D7A2003AFFF9 /* cleaner_cursor */ = {
			isa = PBXNativeTarget;
			buildConfigurationList = 11205C082ED4D7A3003AFFF9 /* Build configuration list for PBXNativeTarget "cleaner_cursor" */;
			buildPhases = (
				11205BDB2ED4D7A2003AFFF9 /* Sources */,
				11205BDC2ED4D7A2003AFFF9 /* Frameworks */,
				11205BDD2ED4D7A2003AFFF9 /* Resources */,
			);
			buildRules = (
			);
			dependencies = (
			);
			name = cleaner_cursor;
			productName = cleaner_cursor;
			productReference = 11205BDF2ED4D7A2003AFFF9 /* cleaner_cursor.app */;
			productType = "com.apple.product-type.application";
		};
		11205BF32ED4D7A3003AFFF9 /* cleaner_cursorTests */ = {
			isa = PBXNativeTarget;
			buildConfigurationList = 11205C0B2ED4D7A3003AFFF9 /* Build configuration list for PBXNativeTarget "cleaner_cursorTests" */;
			buildPhases = (
				11205BF02ED4D7A3003AFFF9 /* Sources */,
				11205BF12ED4D7A3003AFFF9 /* Frameworks */,
				11205BF22ED4D7A3003AFFF9 /* Resources */,
			);
			buildRules = (
			);
			dependencies = (
				11205BF62ED4D7A3003AFFF9 /* PBXTargetDependency */,
			);
			name = cleaner_cursorTests;
			productName = cleaner_cursorTests;
			productReference = 11205BF42ED4D7A3003AFFF9 /* cleaner_cursorTests.xctest */;
			productType = "com.apple.product-type.bundle.unit-test";
		};
		11205BFD2ED4D7A3003AFFF9 /* cleaner_cursorUITests */ = {
			isa = PBXNativeTarget;
			buildConfigurationList = 11205C0E2ED4D7A3003AFFF9 /* Build configuration list for PBXNativeTarget "cleaner_cursorUITests" */;
			buildPhases = (
				11205BFA2ED4D7A3003AFFF9 /* Sources */,
				11205BFB2ED4D7A3003AFFF9 /* Frameworks */,
				11205BFC2ED4D7A3003AFFF9 /* Resources */,
			);
			buildRules = (
			);
			dependencies = (
				11205C002ED4D7A3003AFFF9 /* PBXTargetDependency */,
			);
			name = cleaner_cursorUITests;
			productName = cleaner_cursorUITests;
			productReference = 11205BFE2ED4D7A3003AFFF9 /* cleaner_cursorUITests.xctest */;
			productType = "com.apple.product-type.bundle.ui-testing";
		};
/* End PBXNativeTarget section */

/* Begin PBXProject section */
		11205BD72ED4D7A1003AFFF9 /* Project object */ = {
			isa = PBXProject;
			attributes = {
				BuildIndependentTargetsInParallel = 1;
				LastSwiftUpdateCheck = 1430;
				LastUpgradeCheck = 2620;
				TargetAttributes = {
					11205BDE2ED4D7A2003AFFF9 = {
						CreatedOnToolsVersion = 14.3.1;
					};
					11205BF32ED4D7A3003AFFF9 = {
						CreatedOnToolsVersion = 14.3.1;
						TestTargetID = 11205BDE2ED4D7A2003AFFF9;
					};
					11205BFD2ED4D7A3003AFFF9 = {
						CreatedOnToolsVersion = 14.3.1;
						TestTargetID = 11205BDE2ED4D7A2003AFFF9;
					};
				};
			};
			buildConfigurationList = 11205BDA2ED4D7A1003AFFF9 /* Build configuration list for PBXProject "cleaner_cursor" */;
			compatibilityVersion = "Xcode 14.0";
			developmentRegion = en;
			hasScannedForEncodings = 0;
			knownRegions = (
				en,
				Base,
			);
			mainGroup = 11205BD62ED4D7A1003AFFF9;
			productRefGroup = 11205BE02ED4D7A2003AFFF9 /* Products */;
			projectDirPath = "";
			projectRoot = "";
			targets = (
				11205BDE2ED4D7A2003AFFF9 /* cleaner_cursor */,
				11205BF32ED4D7A3003AFFF9 /* cleaner_cursorTests */,
				11205BFD2ED4D7A3003AFFF9 /* cleaner_cursorUITests */,
			);
		};
/* End PBXProject section */

/* Begin PBXResourcesBuildPhase section */
		11205BDD2ED4D7A2003AFFF9 /* Resources */ = {
			isa = PBXResourcesBuildPhase;
			buildActionMask = 2147483647;
			files = (
				11205BEA2ED4D7A3003AFFF9 /* Preview Assets.xcassets in Resources */,
				11205BE72ED4D7A3003AFFF9 /* Assets.xcassets in Resources */,
			);
			runOnlyForDeploymentPostprocessing = 0;
		};
		11205BF22ED4D7A3003AFFF9 /* Resources */ = {
			isa = PBXResourcesBuildPhase;
			buildActionMask = 2147483647;
			files = (
			);
			runOnlyForDeploymentPostprocessing = 0;
		};
		11205BFC2ED4D7A3003AFFF9 /* Resources */ = {
			isa = PBXResourcesBuildPhase;
			buildActionMask = 2147483647;
			files = (
			);
			runOnlyForDeploymentPostprocessing = 0;
		};
/* End PBXResourcesBuildPhase section */

/* Begin PBXSourcesBuildPhase section */
		11205BDB2ED4D7A2003AFFF9 /* Sources */ = {
			isa = PBXSourcesBuildPhase;
			buildActionMask = 2147483647;
			files = (
				11D6453A2F09975F00FA080C /* CleaningHistoryView.swift in Sources */,
				11205D272ED62451003AFFF9 /* PhotoService.swift in Sources */,
				111038762EF9DE350015FEE3 /* SecretAlbumView.swift in Sources */,
				11205D452ED797FD003AFFF9 /* BigFilesView.swift in Sources */,
				11205D2B2ED62451003AFFF9 /* PaywallView.swift in Sources */,
				11205BEC2ED4D7A3003AFFF9 /* Persistence.swift in Sources */,
				11205D4E2ED79C0D003AFFF9 /* BurstPhotosView.swift in Sources */,
				11205D462ED797FD003AFFF9 /* ScreenshotsView.swift in Sources */,
				11205D2E2ED62451003AFFF9 /* ProgressBars.swift in Sources */,
				11205D252ED62451003AFFF9 /* VideoService.swift in Sources */,
				116799452EDDF16400C73344 /* VideosView.swift in Sources */,
				11205D1A2ED62451003AFFF9 /* String+Extensions.swift in Sources */,
				11205D212ED62451003AFFF9 /* AppFonts.swift in Sources */,
				11205D4D2ED79C0D003AFFF9 /* HighlightsView.swift in Sources */,
				11205D372ED761BB003AFFF9 /* DashboardViewModel.swift in Sources */,
				1110386A2EF099AD0015FEE3 /* AllContactsView.swift in Sources */,
				11205D1C2ED62451003AFFF9 /* Date+Extensions.swift in Sources */,
				11205D1E2ED62451003AFFF9 /* AppSpacing.swift in Sources */,
				11289BF42EEA1444005ED805 /* SwipeHubView.swift in Sources */,
				11205D182ED62451003AFFF9 /* AppState.swift in Sources */,
				111038602EEDDAE90015FEE3 /* SimilarNamesView.swift in Sources */,
				11F50A792EFD6BB30001F911 /* DeviceHealthView.swift in Sources */,
				111038652EEDDAE90015FEE3 /* DuplicateContactsView.swift in Sources */,
				111038612EEDDAE90015FEE3 /* ContactsCleanerView.swift in Sources */,
				11205D282ED62451003AFFF9 /* ContactsService.swift in Sources */,
				11205D2A2ED62451003AFFF9 /* MainTabView.swift in Sources */,
				11205BE52ED4D7A2003AFFF9 /* ContentView.swift in Sources */,
				11205BEF2ED4D7A3003AFFF9 /* cleaner_cursor.xcdatamodeld in Sources */,
				11205D322ED62451003AFFF9 /* EmptyState.swift in Sources */,
				11205D262ED62451003AFFF9 /* SecretFolderService.swift in Sources */,
				11205D1D2ED62451003AFFF9 /* HapticManager.swift in Sources */,
				11205D442ED797FC003AFFF9 /* PhotosOverviewView.swift in Sources */,
				111038622EEDDAE90015FEE3 /* NoNumberContactsView.swift in Sources */,
				11205D192ED62451003AFFF9 /* Router.swift in Sources */,
				11205D232ED62451003AFFF9 /* SubscriptionService.swift in Sources */,
				11205D2F2ED62451003AFFF9 /* PrimaryCard.swift in Sources */,
				11289BEE2EEA1430005ED805 /* SwipeProgressService.swift in Sources */,
				1110386B2EF099AD0015FEE3 /* BackupDetailView.swift in Sources */,
				111038752EF9DE350015FEE3 /* SecretContactsView.swift in Sources */,
				11205D202ED62451003AFFF9 /* AppGradients.swift in Sources */,
				11D645362F09971D00FA080C /* CleaningHistoryService.swift in Sources */,
				116799532EE2052C00C73344 /* ScanResultsCache.swift in Sources */,
				111038642EEDDAE90015FEE3 /* NoNameContactsView.swift in Sources */,
				1110386D2EF9DE240015FEE3 /* SecretSpaceService.swift in Sources */,
				11205D2D2ED62451003AFFF9 /* PrimaryButton.swift in Sources */,
				111038772EF9DE350015FEE3 /* PasscodeView.swift in Sources */,
				11205D2C2ED62451003AFFF9 /* OnboardingView.swift in Sources */,
				11205D242ED62451003AFFF9 /* StorageService.swift in Sources */,
				11205D292ED62451003AFFF9 /* DashboardView.swift in Sources */,
				111038792EFB1E050015FEE3 /* ProtectionSettingsView.swift in Sources */,
				11F50A782EFD6BB30001F911 /* SystemTipsView.swift in Sources */,
				11F50A712EFD6BA40001F911 /* DeviceHealthService.swift in Sources */,
				11205D222ED62451003AFFF9 /* BatteryService.swift in Sources */,
				110E27032F0DA75200AFEA92 /* SplashView.swift in Sources */,
				11205D4F2ED79C0D003AFFF9 /* SimilarPhotosView.swift in Sources */,
				11F50A772EFD6BB30001F911 /* BatteryInsightsView.swift in Sources */,
				11205D4C2ED79C0D003AFFF9 /* DuplicatesView.swift in Sources */,
				111038742EF9DE350015FEE3 /* SecretSpaceHomeView.swift in Sources */,
				11205D432ED797FC003AFFF9 /* PhotoCategoryViews.swift in Sources */,
				11205D312ED62451003AFFF9 /* GradientBackgrounds.swift in Sources */,
				11205D412ED797FC003AFFF9 /* LivePhotosView.swift in Sources */,
				11205D302ED62451003AFFF9 /* StandardModal.swift in Sources */,
				11205D1F2ED62451003AFFF9 /* AppColors.swift in Sources */,
				11205D1B2ED62451003AFFF9 /* View+Extensions.swift in Sources */,
				116799472EDDF16400C73344 /* ShortVideosView.swift in Sources */,
				11289BF32EEA1444005ED805 /* SwipeSessionView.swift in Sources */,
				111038692EF099AD0015FEE3 /* BackupsListView.swift in Sources */,
				11205BE32ED4D7A2003AFFF9 /* cleaner_cursorApp.swift in Sources */,
			);
			runOnlyForDeploymentPostprocessing = 0;
		};
		11205BF02ED4D7A3003AFFF9 /* Sources */ = {
			isa = PBXSourcesBuildPhase;
			buildActionMask = 2147483647;
			files = (
				11205BF92ED4D7A3003AFFF9 /* cleaner_cursorTests.swift in Sources */,
			);
			runOnlyForDeploymentPostprocessing = 0;
		};
		11205BFA2ED4D7A3003AFFF9 /* Sources */ = {
			isa = PBXSourcesBuildPhase;
			buildActionMask = 2147483647;
			files = (
				11205C032ED4D7A3003AFFF9 /* cleaner_cursorUITests.swift in Sources */,
				11205C052ED4D7A3003AFFF9 /* cleaner_cursorUITestsLaunchTests.swift in Sources */,
			);
			runOnlyForDeploymentPostprocessing = 0;
		};
/* End PBXSourcesBuildPhase section */

/* Begin PBXTargetDependency section */
		11205BF62ED4D7A3003AFFF9 /* PBXTargetDependency */ = {
			isa = PBXTargetDependency;
			target = 11205BDE2ED4D7A2003AFFF9 /* cleaner_cursor */;
			targetProxy = 11205BF52ED4D7A3003AFFF9 /* PBXContainerItemProxy */;
		};
		11205C002ED4D7A3003AFFF9 /* PBXTargetDependency */ = {
			isa = PBXTargetDependency;
			target = 11205BDE2ED4D7A2003AFFF9 /* cleaner_cursor */;
			targetProxy = 11205BFF2ED4D7A3003AFFF9 /* PBXContainerItemProxy */;
		};
/* End PBXTargetDependency section */

/* Begin XCBuildConfiguration section */
		11205C062ED4D7A3003AFFF9 /* Debug */ = {
			isa = XCBuildConfiguration;
			buildSettings = {
				ALWAYS_SEARCH_USER_PATHS = NO;
				CLANG_ANALYZER_NONNULL = YES;
				CLANG_ANALYZER_NUMBER_OBJECT_CONVERSION = YES_AGGRESSIVE;
				CLANG_CXX_LANGUAGE_STANDARD = "gnu++20";
				CLANG_ENABLE_MODULES = YES;
				CLANG_ENABLE_OBJC_ARC = YES;
				CLANG_ENABLE_OBJC_WEAK = YES;
				CLANG_WARN_BLOCK_CAPTURE_AUTORELEASING = YES;
				CLANG_WARN_BOOL_CONVERSION = YES;
				CLANG_WARN_COMMA = YES;
				CLANG_WARN_CONSTANT_CONVERSION = YES;
				CLANG_WARN_DEPRECATED_OBJC_IMPLEMENTATIONS = YES;
				CLANG_WARN_DIRECT_OBJC_ISA_USAGE = YES_ERROR;
				CLANG_WARN_DOCUMENTATION_COMMENTS = YES;
				CLANG_WARN_EMPTY_BODY = YES;
				CLANG_WARN_ENUM_CONVERSION = YES;
				CLANG_WARN_INFINITE_RECURSION = YES;
				CLANG_WARN_INT_CONVERSION = YES;
				CLANG_WARN_NON_LITERAL_NULL_CONVERSION = YES;
				CLANG_WARN_OBJC_IMPLICIT_RETAIN_SELF = YES;
				CLANG_WARN_OBJC_LITERAL_CONVERSION = YES;
				CLANG_WARN_OBJC_ROOT_CLASS = YES_ERROR;
				CLANG_WARN_QUOTED_INCLUDE_IN_FRAMEWORK_HEADER = YES;
				CLANG_WARN_RANGE_LOOP_ANALYSIS = YES;
				CLANG_WARN_STRICT_PROTOTYPES = YES;
				CLANG_WARN_SUSPICIOUS_MOVE = YES;
				CLANG_WARN_UNGUARDED_AVAILABILITY = YES_AGGRESSIVE;
				CLANG_WARN_UNREACHABLE_CODE = YES;
				CLANG_WARN__DUPLICATE_METHOD_MATCH = YES;
				COPY_PHASE_STRIP = NO;
				DEBUG_INFORMATION_FORMAT = dwarf;
				DEVELOPMENT_TEAM = CZPS8FB75D;
				ENABLE_STRICT_OBJC_MSGSEND = YES;
				ENABLE_TESTABILITY = YES;
				ENABLE_USER_SCRIPT_SANDBOXING = YES;
				GCC_C_LANGUAGE_STANDARD = gnu11;
				GCC_DYNAMIC_NO_PIC = NO;
				GCC_NO_COMMON_BLOCKS = YES;
				GCC_OPTIMIZATION_LEVEL = 0;
				GCC_PREPROCESSOR_DEFINITIONS = (
					"DEBUG=1",
					"$(inherited)",
				);
				GCC_WARN_64_TO_32_BIT_CONVERSION = YES;
				GCC_WARN_ABOUT_RETURN_TYPE = YES_ERROR;
				GCC_WARN_UNDECLARED_SELECTOR = YES;
				GCC_WARN_UNINITIALIZED_AUTOS = YES_AGGRESSIVE;
				GCC_WARN_UNUSED_FUNCTION = YES;
				GCC_WARN_UNUSED_VARIABLE = YES;
				IPHONEOS_DEPLOYMENT_TARGET = 17.6;
				MTL_ENABLE_DEBUG_INFO = INCLUDE_SOURCE;
				MTL_FAST_MATH = YES;
				ONLY_ACTIVE_ARCH = YES;
				SDKROOT = iphoneos;
				STRING_CATALOG_GENERATE_SYMBOLS = YES;
				SWIFT_ACTIVE_COMPILATION_CONDITIONS = DEBUG;
				SWIFT_OPTIMIZATION_LEVEL = "-Onone";
			};
			name = Debug;
		};
		11205C072ED4D7A3003AFFF9 /* Release */ = {
			isa = XCBuildConfiguration;
			buildSettings = {
				ALWAYS_SEARCH_USER_PATHS = NO;
				CLANG_ANALYZER_NONNULL = YES;
				CLANG_ANALYZER_NUMBER_OBJECT_CONVERSION = YES_AGGRESSIVE;
				CLANG_CXX_LANGUAGE_STANDARD = "gnu++20";
				CLANG_ENABLE_MODULES = YES;
				CLANG_ENABLE_OBJC_ARC = YES;
				CLANG_ENABLE_OBJC_WEAK = YES;
				CLANG_WARN_BLOCK_CAPTURE_AUTORELEASING = YES;
				CLANG_WARN_BOOL_CONVERSION = YES;
				CLANG_WARN_COMMA = YES;
				CLANG_WARN_CONSTANT_CONVERSION = YES;
				CLANG_WARN_DEPRECATED_OBJC_IMPLEMENTATIONS = YES;
				CLANG_WARN_DIRECT_OBJC_ISA_USAGE = YES_ERROR;
				CLANG_WARN_DOCUMENTATION_COMMENTS = YES;
				CLANG_WARN_EMPTY_BODY = YES;
				CLANG_WARN_ENUM_CONVERSION = YES;
				CLANG_WARN_INFINITE_RECURSION = YES;
				CLANG_WARN_INT_CONVERSION = YES;
				CLANG_WARN_NON_LITERAL_NULL_CONVERSION = YES;
				CLANG_WARN_OBJC_IMPLICIT_RETAIN_SELF = YES;
				CLANG_WARN_OBJC_LITERAL_CONVERSION = YES;
				CLANG_WARN_OBJC_ROOT_CLASS = YES_ERROR;
				CLANG_WARN_QUOTED_INCLUDE_IN_FRAMEWORK_HEADER = YES;
				CLANG_WARN_RANGE_LOOP_ANALYSIS = YES;
				CLANG_WARN_STRICT_PROTOTYPES = YES;
				CLANG_WARN_SUSPICIOUS_MOVE = YES;
				CLANG_WARN_UNGUARDED_AVAILABILITY = YES_AGGRESSIVE;
				CLANG_WARN_UNREACHABLE_CODE = YES;
				CLANG_WARN__DUPLICATE_METHOD_MATCH = YES;
				COPY_PHASE_STRIP = NO;
				DEBUG_INFORMATION_FORMAT = "dwarf-with-dsym";
				DEVELOPMENT_TEAM = CZPS8FB75D;
				ENABLE_NS_ASSERTIONS = NO;
				ENABLE_STRICT_OBJC_MSGSEND = YES;
				ENABLE_USER_SCRIPT_SANDBOXING = YES;
				GCC_C_LANGUAGE_STANDARD = gnu11;
				GCC_NO_COMMON_BLOCKS = YES;
				GCC_WARN_64_TO_32_BIT_CONVERSION = YES;
				GCC_WARN_ABOUT_RETURN_TYPE = YES_ERROR;
				GCC_WARN_UNDECLARED_SELECTOR = YES;
				GCC_WARN_UNINITIALIZED_AUTOS = YES_AGGRESSIVE;
				GCC_WARN_UNUSED_FUNCTION = YES;
				GCC_WARN_UNUSED_VARIABLE = YES;
				IPHONEOS_DEPLOYMENT_TARGET = 17.6;
				MTL_ENABLE_DEBUG_INFO = NO;
				MTL_FAST_MATH = YES;
				SDKROOT = iphoneos;
				STRING_CATALOG_GENERATE_SYMBOLS = YES;
				SWIFT_COMPILATION_MODE = wholemodule;
				SWIFT_OPTIMIZATION_LEVEL = "-O";
				VALIDATE_PRODUCT = YES;
			};
			name = Release;
		};
		11205C092ED4D7A3003AFFF9 /* Debug */ = {
			isa = XCBuildConfiguration;
			buildSettings = {
				ASSETCATALOG_COMPILER_APPICON_NAME = AppIcon;
				ASSETCATALOG_COMPILER_GLOBAL_ACCENT_COLOR_NAME = AccentColor;
				CODE_SIGN_STYLE = Automatic;
				CURRENT_PROJECT_VERSION = 1;
				DEVELOPMENT_ASSET_PATHS = "\"cleaner_cursor/Preview Content\"";
				ENABLE_PREVIEWS = YES;
				GENERATE_INFOPLIST_FILE = NO;
				INFOPLIST_FILE = cleaner_cursor/Info.plist;
				INFOPLIST_KEY_UIApplicationSceneManifest_Generation = YES;
				INFOPLIST_KEY_UIApplicationSupportsIndirectInputEvents = YES;
				INFOPLIST_KEY_UILaunchScreen_Generation = YES;
				INFOPLIST_KEY_UISupportedInterfaceOrientations_iPad = "UIInterfaceOrientationPortrait UIInterfaceOrientationPortraitUpsideDown UIInterfaceOrientationLandscapeLeft UIInterfaceOrientationLandscapeRight";
				INFOPLIST_KEY_UISupportedInterfaceOrientations_iPhone = "UIInterfaceOrientationPortrait UIInterfaceOrientationLandscapeLeft UIInterfaceOrientationLandscapeRight";
				IPHONEOS_DEPLOYMENT_TARGET = 17.6;
				LD_RUNPATH_SEARCH_PATHS = (
					"$(inherited)",
					"@executable_path/Frameworks",
				);
				MARKETING_VERSION = 1.0;
				PRODUCT_BUNDLE_IDENTIFIER = "nikita.k.cleaner-cursor";
				PRODUCT_NAME = "$(TARGET_NAME)";
				SWIFT_EMIT_LOC_STRINGS = YES;
				SWIFT_VERSION = 5.0;
				TARGETED_DEVICE_FAMILY = "1,2";
			};
			name = Debug;
		};
		11205C0A2ED4D7A3003AFFF9 /* Release */ = {
			isa = XCBuildConfiguration;
			buildSettings = {
				ASSETCATALOG_COMPILER_APPICON_NAME = AppIcon;
				ASSETCATALOG_COMPILER_GLOBAL_ACCENT_COLOR_NAME = AccentColor;
				CODE_SIGN_STYLE = Automatic;
				CURRENT_PROJECT_VERSION = 1;
				DEVELOPMENT_ASSET_PATHS = "\"cleaner_cursor/Preview Content\"";
				ENABLE_PREVIEWS = YES;
				GENERATE_INFOPLIST_FILE = NO;
				INFOPLIST_FILE = cleaner_cursor/Info.plist;
				INFOPLIST_KEY_UIApplicationSceneManifest_Generation = YES;
				INFOPLIST_KEY_UIApplicationSupportsIndirectInputEvents = YES;
				INFOPLIST_KEY_UILaunchScreen_Generation = YES;
				INFOPLIST_KEY_UISupportedInterfaceOrientations_iPad = "UIInterfaceOrientationPortrait UIInterfaceOrientationPortraitUpsideDown UIInterfaceOrientationLandscapeLeft UIInterfaceOrientationLandscapeRight";
				INFOPLIST_KEY_UISupportedInterfaceOrientations_iPhone = "UIInterfaceOrientationPortrait UIInterfaceOrientationLandscapeLeft UIInterfaceOrientationLandscapeRight";
				IPHONEOS_DEPLOYMENT_TARGET = 17.6;
				LD_RUNPATH_SEARCH_PATHS = (
					"$(inherited)",
					"@executable_path/Frameworks",
				);
				MARKETING_VERSION = 1.0;
				PRODUCT_BUNDLE_IDENTIFIER = "nikita.k.cleaner-cursor";
				PRODUCT_NAME = "$(TARGET_NAME)";
				SWIFT_EMIT_LOC_STRINGS = YES;
				SWIFT_VERSION = 5.0;
				TARGETED_DEVICE_FAMILY = "1,2";
			};
			name = Release;
		};
		11205C0C2ED4D7A3003AFFF9 /* Debug */ = {
			isa = XCBuildConfiguration;
			buildSettings = {
				BUNDLE_LOADER = "$(TEST_HOST)";
				CODE_SIGN_STYLE = Automatic;
				CURRENT_PROJECT_VERSION = 1;
				GENERATE_INFOPLIST_FILE = YES;
				IPHONEOS_DEPLOYMENT_TARGET = 16.4;
				MARKETING_VERSION = 1.0;
				PRODUCT_BUNDLE_IDENTIFIER = "nikita.k.cleaner-cursorTests";
				PRODUCT_NAME = "$(TARGET_NAME)";
				SWIFT_EMIT_LOC_STRINGS = NO;
				SWIFT_VERSION = 5.0;
				TARGETED_DEVICE_FAMILY = "1,2";
				TEST_HOST = "$(BUILT_PRODUCTS_DIR)/cleaner_cursor.app/$(BUNDLE_EXECUTABLE_FOLDER_PATH)/cleaner_cursor";
			};
			name = Debug;
		};
		11205C0D2ED4D7A3003AFFF9 /* Release */ = {
			isa = XCBuildConfiguration;
			buildSettings = {
				BUNDLE_LOADER = "$(TEST_HOST)";
				CODE_SIGN_STYLE = Automatic;
				CURRENT_PROJECT_VERSION = 1;
				GENERATE_INFOPLIST_FILE = YES;
				IPHONEOS_DEPLOYMENT_TARGET = 16.4;
				MARKETING_VERSION = 1.0;
				PRODUCT_BUNDLE_IDENTIFIER = "nikita.k.cleaner-cursorTests";
				PRODUCT_NAME = "$(TARGET_NAME)";
				SWIFT_EMIT_LOC_STRINGS = NO;
				SWIFT_VERSION = 5.0;
				TARGETED_DEVICE_FAMILY = "1,2";
				TEST_HOST = "$(BUILT_PRODUCTS_DIR)/cleaner_cursor.app/$(BUNDLE_EXECUTABLE_FOLDER_PATH)/cleaner_cursor";
			};
			name = Release;
		};
		11205C0F2ED4D7A3003AFFF9 /* Debug */ = {
			isa = XCBuildConfiguration;
			buildSettings = {
				CODE_SIGN_STYLE = Automatic;
				CURRENT_PROJECT_VERSION = 1;
				GENERATE_INFOPLIST_FILE = YES;
				MARKETING_VERSION = 1.0;
				PRODUCT_BUNDLE_IDENTIFIER = "nikita.k.cleaner-cursorUITests";
				PRODUCT_NAME = "$(TARGET_NAME)";
				SWIFT_EMIT_LOC_STRINGS = NO;
				SWIFT_VERSION = 5.0;
				TARGETED_DEVICE_FAMILY = "1,2";
				TEST_TARGET_NAME = cleaner_cursor;
			};
			name = Debug;
		};
		11205C102ED4D7A3003AFFF9 /* Release */ = {
			isa = XCBuildConfiguration;
			buildSettings = {
				CODE_SIGN_STYLE = Automatic;
				CURRENT_PROJECT_VERSION = 1;
				GENERATE_INFOPLIST_FILE = YES;
				MARKETING_VERSION = 1.0;
				PRODUCT_BUNDLE_IDENTIFIER = "nikita.k.cleaner-cursorUITests";
				PRODUCT_NAME = "$(TARGET_NAME)";
				SWIFT_EMIT_LOC_STRINGS = NO;
				SWIFT_VERSION = 5.0;
				TARGETED_DEVICE_FAMILY = "1,2";
				TEST_TARGET_NAME = cleaner_cursor;
			};
			name = Release;
		};
/* End XCBuildConfiguration section */

/* Begin XCConfigurationList section */
		11205BDA2ED4D7A1003AFFF9 /* Build configuration list for PBXProject "cleaner_cursor" */ = {
			isa = XCConfigurationList;
			buildConfigurations = (
				11205C062ED4D7A3003AFFF9 /* Debug */,
				11205C072ED4D7A3003AFFF9 /* Release */,
			);
			defaultConfigurationIsVisible = 0;
			defaultConfigurationName = Release;
		};
		11205C082ED4D7A3003AFFF9 /* Build configuration list for PBXNativeTarget "cleaner_cursor" */ = {
			isa = XCConfigurationList;
			buildConfigurations = (
				11205C092ED4D7A3003AFFF9 /* Debug */,
				11205C0A2ED4D7A3003AFFF9 /* Release */,
			);
			defaultConfigurationIsVisible = 0;
			defaultConfigurationName = Release;
		};
		11205C0B2ED4D7A3003AFFF9 /* Build configuration list for PBXNativeTarget "cleaner_cursorTests" */ = {
			isa = XCConfigurationList;
			buildConfigurations = (
				11205C0C2ED4D7A3003AFFF9 /* Debug */,
				11205C0D2ED4D7A3003AFFF9 /* Release */,
			);
			defaultConfigurationIsVisible = 0;
			defaultConfigurationName = Release;
		};
		11205C0E2ED4D7A3003AFFF9 /* Build configuration list for PBXNativeTarget "cleaner_cursorUITests" */ = {
			isa = XCConfigurationList;
			buildConfigurations = (
				11205C0F2ED4D7A3003AFFF9 /* Debug */,
				11205C102ED4D7A3003AFFF9 /* Release */,
			);
			defaultConfigurationIsVisible = 0;
			defaultConfigurationName = Release;
		};
/* End XCConfigurationList section */

/* Begin XCVersionGroup section */
		11205BED2ED4D7A3003AFFF9 /* cleaner_cursor.xcdatamodeld */ = {
			isa = XCVersionGroup;
			children = (
				11205BEE2ED4D7A3003AFFF9 /* cleaner_cursor.xcdatamodel */,
			);
			currentVersion = 11205BEE2ED4D7A3003AFFF9 /* cleaner_cursor.xcdatamodel */;
			path = cleaner_cursor.xcdatamodeld;
			sourceTree = "<group>";
			versionGroupType = wrapper.xcdatamodel;
		};
/* End XCVersionGroup section */
	};
	rootObject = 11205BD72ED4D7A1003AFFF9 /* Project object */;
}
